
Microsoft Visual Studio Solution File, Format Version 12.00
# Visual Studio Version 17
VisualStudioVersion = 17.5.002.0
MinimumVisualStudioVersion = 10.0.40219.1
Project("{FAE04EC0-301F-11D3-BF4B-00C04F79EFBC}") = "OcelotMicroService.Categories.WebAPI", "OcelotMicroService.Categories.WebAPI\OcelotMicroService.Categories.WebAPI.csproj", "{67A7041F-9FF5-441B-9A5A-B1FECD59C567}"
EndProject
Project("{FAE04EC0-301F-11D3-BF4B-00C04F79EFBC}") = "OcelotMicroService.Todos.WebAPI", "OcelotMicroService.Todos.WebAPI\OcelotMicroService.Todos.WebAPI.csproj", "{A760352C-FFB8-4AAA-81A6-F388985F0578}"
EndProject
Project("{FAE04EC0-301F-11D3-BF4B-00C04F79EFBC}") = "OcelotMicroService.Ocelot.Gateway", "OcelotMicroService.Ocelot.Gateway\OcelotMicroService.Ocelot.Gateway.csproj", "{6954ED0B-2FBE-466A-BD6B-EE5C41C3E2ED}"
EndProject
Global
	GlobalSection(SolutionConfigurationPlatforms) = preSolution
		Debug|Any CPU = Debug|Any CPU
		Release|Any CPU = Release|Any CPU
	EndGlobalSection
	GlobalSection(ProjectConfigurationPlatforms) = postSolution
		{67A7041F-9FF5-441B-9A5A-B1FECD59C567}.Debug|Any CPU.ActiveCfg = Debug|Any CPU
		{67A7041F-9FF5-441B-9A5A-B1FECD59C567}.Debug|Any CPU.Build.0 = Debug|Any CPU
		{67A7041F-9FF5-441B-9A5A-B1FECD59C567}.Release|Any CPU.ActiveCfg = Release|Any CPU
		{67A7041F-9FF5-441B-9A5A-B1FECD59C567}.Release|Any CPU.Build.0 = Release|Any CPU
		{A760352C-FFB8-4AAA-81A6-F388985F0578}.Debug|Any CPU.ActiveCfg = Debug|Any CPU
		{A760352C-FFB8-4AAA-81A6-F388985F0578}.Debug|Any CPU.Build.0 = Debug|Any CPU
		{A760352C-FFB8-4AAA-81A6-F388985F0578}.Release|Any CPU.ActiveCfg = Release|Any CPU
		{A760352C-FFB8-4AAA-81A6-F388985F0578}.Release|Any CPU.Build.0 = Release|Any CPU
		{6954ED0B-2FBE-466A-BD6B-EE5C41C3E2ED}.Debug|Any CPU.ActiveCfg = Debug|Any CPU
		{6954ED0B-2FBE-466A-BD6B-EE5C41C3E2ED}.Debug|Any CPU.Build.0 = Debug|Any CPU
		{6954ED0B-2FBE-466A-BD6B-EE5C41C3E2ED}.Release|Any CPU.ActiveCfg = Release|Any CPU
		{6954ED0B-2FBE-466A-BD6B-EE5C41C3E2ED}.Release|Any CPU.Build.0 = Release|Any CPU
	EndGlobalSection
	GlobalSection(SolutionProperties) = preSolution
		HideSolutionNode = FALSE
	EndGlobalSection
	GlobalSection(ExtensibilityGlobals) = postSolution
		SolutionGuid = {E100F8CE-061D-4BF5-807F-46153AF9ED1F}
	EndGlobalSection
EndGlobal
